// !$*UTF8*$!
{
	archiveVersion = 1;
	classes = {
	};
	objectVersion = 50;
	objects = {

/* Begin PBXBuildFile section */
		210495AA2302DED1000C018B /* Constants.swift in Sources */ = {isa = PBXBuildFile; fileRef = 210495A92302DED1000C018B /* Constants.swift */; };
		210B4FA323042E0F004FD1DE /* Minercraftory.ttf in Resources */ = {isa = PBXBuildFile; fileRef = 210B4FA223042D99004FD1DE /* Minercraftory.ttf */; };
		210C11AE23018B03007D89DA /* AppDelegate.swift in Sources */ = {isa = PBXBuildFile; fileRef = 210C11AD23018B03007D89DA /* AppDelegate.swift */; };
		210C11B423018B03007D89DA /* GameScene.swift in Sources */ = {isa = PBXBuildFile; fileRef = 210C11B323018B03007D89DA /* GameScene.swift */; };
		210C11B623018B03007D89DA /* GameViewController.swift in Sources */ = {isa = PBXBuildFile; fileRef = 210C11B523018B03007D89DA /* GameViewController.swift */; };
		210C11B923018B03007D89DA /* Main.storyboard in Resources */ = {isa = PBXBuildFile; fileRef = 210C11B723018B03007D89DA /* Main.storyboard */; };
		210C11BB23018B05007D89DA /* Assets.xcassets in Resources */ = {isa = PBXBuildFile; fileRef = 210C11BA23018B05007D89DA /* Assets.xcassets */; };
		210C11BE23018B05007D89DA /* LaunchScreen.storyboard in Resources */ = {isa = PBXBuildFile; fileRef = 210C11BC23018B05007D89DA /* LaunchScreen.storyboard */; };
		210C11C623019978007D89DA /* ActionList.sks in Resources */ = {isa = PBXBuildFile; fileRef = 210C11C523019978007D89DA /* ActionList.sks */; };
		2121176A2305754400648729 /* sfxSwooshing.mp3 in Resources */ = {isa = PBXBuildFile; fileRef = 212117642305754400648729 /* sfxSwooshing.mp3 */; };
		2121176B2305754400648729 /* sfxWing.mp3 in Resources */ = {isa = PBXBuildFile; fileRef = 212117652305754400648729 /* sfxWing.mp3 */; };
		2121176C2305754400648729 /* sfxHit.mp3 in Resources */ = {isa = PBXBuildFile; fileRef = 212117662305754400648729 /* sfxHit.mp3 */; };
		2121176D2305754400648729 /* bgm.mp3 in Resources */ = {isa = PBXBuildFile; fileRef = 212117672305754400648729 /* bgm.mp3 */; };
		2121176E2305754400648729 /* sfxPoint.mp3 in Resources */ = {isa = PBXBuildFile; fileRef = 212117682305754400648729 /* sfxPoint.mp3 */; };
		2121176F2305754400648729 /* sfxDie.mp3 in Resources */ = {isa = PBXBuildFile; fileRef = 212117692305754400648729 /* sfxDie.mp3 */; };
		2121177423057C9A00648729 /* rain.sks in Resources */ = {isa = PBXBuildFile; fileRef = 2121177323057C9A00648729 /* rain.sks */; };
		2121177623057CB200648729 /* thruster.sks in Resources */ = {isa = PBXBuildFile; fileRef = 2121177523057CB200648729 /* thruster.sks */; };
		212EB85A232282A4006FFA88 /* GameKit.framework in Frameworks */ = {isa = PBXBuildFile; fileRef = 212EB859232282A4006FFA88 /* GameKit.framework */; };
		214D1BED2305914400347235 /* MenuScene.swift in Sources */ = {isa = PBXBuildFile; fileRef = 214D1BEC2305914400347235 /* MenuScene.swift */; };
/* End PBXBuildFile section */

/* Begin PBXFileReference section */
		210495A92302DED1000C018B /* Constants.swift */ = {isa = PBXFileReference; lastKnownFileType = sourcecode.swift; path = Constants.swift; sourceTree = "<group>"; };
		210B4FA223042D99004FD1DE /* Minercraftory.ttf */ = {isa = PBXFileReference; lastKnownFileType = file; name = Minercraftory.ttf; path = Asset06/Minercraftory.ttf; sourceTree = SOURCE_ROOT; };
		210C11AA23018B03007D89DA /* FlappyBirdLike.app */ = {isa = PBXFileReference; explicitFileType = wrapper.application; includeInIndex = 0; path = FlappyBirdLike.app; sourceTree = BUILT_PRODUCTS_DIR; };
		210C11AD23018B03007D89DA /* AppDelegate.swift */ = {isa = PBXFileReference; lastKnownFileType = sourcecode.swift; path = AppDelegate.swift; sourceTree = "<group>"; };
		210C11B323018B03007D89DA /* GameScene.swift */ = {isa = PBXFileReference; lastKnownFileType = sourcecode.swift; path = GameScene.swift; sourceTree = "<group>"; };
		210C11B523018B03007D89DA /* GameViewController.swift */ = {isa = PBXFileReference; lastKnownFileType = sourcecode.swift; path = GameViewController.swift; sourceTree = "<group>"; };
		210C11B823018B03007D89DA /* Base */ = {isa = PBXFileReference; lastKnownFileType = file.storyboard; name = Base; path = Base.lproj/Main.storyboard; sourceTree = "<group>"; };
		210C11BA23018B05007D89DA /* Assets.xcassets */ = {isa = PBXFileReference; lastKnownFileType = folder.assetcatalog; path = Assets.xcassets; sourceTree = "<group>"; };
		210C11BD23018B05007D89DA /* Base */ = {isa = PBXFileReference; lastKnownFileType = file.storyboard; name = Base; path = Base.lproj/LaunchScreen.storyboard; sourceTree = "<group>"; };
		210C11BF23018B05007D89DA /* Info.plist */ = {isa = PBXFileReference; lastKnownFileType = text.plist.xml; path = Info.plist; sourceTree = "<group>"; };
		210C11C523019978007D89DA /* ActionList.sks */ = {isa = PBXFileReference; lastKnownFileType = file.sks; path = ActionList.sks; sourceTree = "<group>"; };
		212117642305754400648729 /* sfxSwooshing.mp3 */ = {isa = PBXFileReference; lastKnownFileType = audio.mp3; name = sfxSwooshing.mp3; path = FlappyBirdLike/Sounds/sfxSwooshing.mp3; sourceTree = SOURCE_ROOT; };
		212117652305754400648729 /* sfxWing.mp3 */ = {isa = PBXFileReference; lastKnownFileType = audio.mp3; name = sfxWing.mp3; path = FlappyBirdLike/Sounds/sfxWing.mp3; sourceTree = SOURCE_ROOT; };
		212117662305754400648729 /* sfxHit.mp3 */ = {isa = PBXFileReference; lastKnownFileType = audio.mp3; name = sfxHit.mp3; path = FlappyBirdLike/Sounds/sfxHit.mp3; sourceTree = SOURCE_ROOT; };
		212117672305754400648729 /* bgm.mp3 */ = {isa = PBXFileReference; lastKnownFileType = audio.mp3; name = bgm.mp3; path = FlappyBirdLike/Sounds/bgm.mp3; sourceTree = SOURCE_ROOT; };
		212117682305754400648729 /* sfxPoint.mp3 */ = {isa = PBXFileReference; lastKnownFileType = audio.mp3; name = sfxPoint.mp3; path = FlappyBirdLike/Sounds/sfxPoint.mp3; sourceTree = SOURCE_ROOT; };
		212117692305754400648729 /* sfxDie.mp3 */ = {isa = PBXFileReference; lastKnownFileType = audio.mp3; name = sfxDie.mp3; path = FlappyBirdLike/Sounds/sfxDie.mp3; sourceTree = SOURCE_ROOT; };
		2121177323057C9A00648729 /* rain.sks */ = {isa = PBXFileReference; lastKnownFileType = file.sks; path = rain.sks; sourceTree = "<group>"; };
		2121177523057CB200648729 /* thruster.sks */ = {isa = PBXFileReference; lastKnownFileType = file.sks; path = thruster.sks; sourceTree = "<group>"; };
		212EB859232282A4006FFA88 /* GameKit.framework */ = {isa = PBXFileReference; lastKnownFileType = wrapper.framework; name = GameKit.framework; path = System/Library/Frameworks/GameKit.framework; sourceTree = SDKROOT; };
		214D1BEC2305914400347235 /* MenuScene.swift */ = {isa = PBXFileReference; lastKnownFileType = sourcecode.swift; path = MenuScene.swift; sourceTree = "<group>"; };
/* End PBXFileReference section */

/* Begin PBXFrameworksBuildPhase section */
		210C11A723018B03007D89DA /* Frameworks */ = {
			isa = PBXFrameworksBuildPhase;
			buildActionMask = 2147483647;
			files = (
				212EB85A232282A4006FFA88 /* GameKit.framework in Frameworks */,
			);
			runOnlyForDeploymentPostprocessing = 0;
		};
/* End PBXFrameworksBuildPhase section */

/* Begin PBXGroup section */
		210C11A123018B03007D89DA = {
			isa = PBXGroup;
			children = (
				210C11AC23018B03007D89DA /* FlappyBirdLike */,
				210C11AB23018B03007D89DA /* Products */,
				2133E6092306DE0C00BB37D9 /* Frameworks */,
			);
			sourceTree = "<group>";
		};
		210C11AB23018B03007D89DA /* Products */ = {
			isa = PBXGroup;
			children = (
				210C11AA23018B03007D89DA /* FlappyBirdLike.app */,
			);
			name = Products;
			sourceTree = "<group>";
		};
		210C11AC23018B03007D89DA /* FlappyBirdLike */ = {
			isa = PBXGroup;
			children = (
				210C11AD23018B03007D89DA /* AppDelegate.swift */,
				210C11B323018B03007D89DA /* GameScene.swift */,
				210C11B523018B03007D89DA /* GameViewController.swift */,
				210495A92302DED1000C018B /* Constants.swift */,
				214D1BEC2305914400347235 /* MenuScene.swift */,
				210C11B723018B03007D89DA /* Main.storyboard */,
				210C11BA23018B05007D89DA /* Assets.xcassets */,
				210C11BC23018B05007D89DA /* LaunchScreen.storyboard */,
				210C11BF23018B05007D89DA /* Info.plist */,
				210B4FA223042D99004FD1DE /* Minercraftory.ttf */,
				210C11C523019978007D89DA /* ActionList.sks */,
				212117702305754D00648729 /* Sounds */,
				214D1BEB2305910D00347235 /* Particles */,
			);
			path = FlappyBirdLike;
			sourceTree = "<group>";
		};
		212117702305754D00648729 /* Sounds */ = {
			isa = PBXGroup;
			children = (
				212117672305754400648729 /* bgm.mp3 */,
				212117692305754400648729 /* sfxDie.mp3 */,
				212117662305754400648729 /* sfxHit.mp3 */,
				212117682305754400648729 /* sfxPoint.mp3 */,
				212117642305754400648729 /* sfxSwooshing.mp3 */,
				212117652305754400648729 /* sfxWing.mp3 */,
			);
			path = Sounds;
			sourceTree = "<group>";
		};
		2133E6092306DE0C00BB37D9 /* Frameworks */ = {
			isa = PBXGroup;
			children = (
				212EB859232282A4006FFA88 /* GameKit.framework */,
			);
			name = Frameworks;
			sourceTree = "<group>";
		};
		214D1BEB2305910D00347235 /* Particles */ = {
			isa = PBXGroup;
			children = (
				2121177323057C9A00648729 /* rain.sks */,
				2121177523057CB200648729 /* thruster.sks */,
			);
			path = Particles;
			sourceTree = "<group>";
		};
/* End PBXGroup section */

/* Begin PBXNativeTarget section */
		210C11A923018B03007D89DA /* FlappyBirdLike */ = {
			isa = PBXNativeTarget;
			buildConfigurationList = 210C11C223018B05007D89DA /* Build configuration list for PBXNativeTarget "FlappyBirdLike" */;
			buildPhases = (
				210C11A623018B03007D89DA /* Sources */,
				210C11A723018B03007D89DA /* Frameworks */,
				210C11A823018B03007D89DA /* Resources */,
			);
			buildRules = (
			);
			dependencies = (
			);
			name = FlappyBirdLike;
			productName = FlappyBirdLike;
			productReference = 210C11AA23018B03007D89DA /* FlappyBirdLike.app */;
			productType = "com.apple.product-type.application";
		};
/* End PBXNativeTarget section */

/* Begin PBXProject section */
		210C11A223018B03007D89DA /* Project object */ = {
			isa = PBXProject;
			attributes = {
				LastSwiftUpdateCheck = 1020;
				LastUpgradeCheck = 1020;
				ORGANIZATIONNAME = hojung;
				TargetAttributes = {
					210C11A923018B03007D89DA = {
						CreatedOnToolsVersion = 10.2.1;
						SystemCapabilities = {
							com.apple.GameCenter.iOS = {
								enabled = 1;
							};
						};
					};
				};
			};
			buildConfigurationList = 210C11A523018B03007D89DA /* Build configuration list for PBXProject "FlappyBirdLike" */;
			compatibilityVersion = "Xcode 9.3";
			developmentRegion = en;
			hasScannedForEncodings = 0;
			knownRegions = (
				en,
				Base,
			);
			mainGroup = 210C11A123018B03007D89DA;
			productRefGroup = 210C11AB23018B03007D89DA /* Products */;
			projectDirPath = "";
			projectRoot = "";
			targets = (
				210C11A923018B03007D89DA /* FlappyBirdLike */,
			);
		};
/* End PBXProject section */

/* Begin PBXResourcesBuildPhase section */
		210C11A823018B03007D89DA /* Resources */ = {
			isa = PBXResourcesBuildPhase;
			buildActionMask = 2147483647;
			files = (
				2121176A2305754400648729 /* sfxSwooshing.mp3 in Resources */,
				210C11B923018B03007D89DA /* Main.storyboard in Resources */,
				210C11BB23018B05007D89DA /* Assets.xcassets in Resources */,
				2121176D2305754400648729 /* bgm.mp3 in Resources */,
				2121176B2305754400648729 /* sfxWing.mp3 in Resources */,
				2121177623057CB200648729 /* thruster.sks in Resources */,
				2121177423057C9A00648729 /* rain.sks in Resources */,
				210B4FA323042E0F004FD1DE /* Minercraftory.ttf in Resources */,
				210C11BE23018B05007D89DA /* LaunchScreen.storyboard in Resources */,
				2121176E2305754400648729 /* sfxPoint.mp3 in Resources */,
				2121176C2305754400648729 /* sfxHit.mp3 in Resources */,
				2121176F2305754400648729 /* sfxDie.mp3 in Resources */,
				210C11C623019978007D89DA /* ActionList.sks in Resources */,
			);
			runOnlyForDeploymentPostprocessing = 0;
		};
/* End PBXResourcesBuildPhase section */

/* Begin PBXSourcesBuildPhase section */
		210C11A623018B03007D89DA /* Sources */ = {
			isa = PBXSourcesBuildPhase;
			buildActionMask = 2147483647;
			files = (
				210C11B423018B03007D89DA /* GameScene.swift in Sources */,
				210C11B623018B03007D89DA /* GameViewController.swift in Sources */,
				214D1BED2305914400347235 /* MenuScene.swift in Sources */,
				210C11AE23018B03007D89DA /* AppDelegate.swift in Sources */,
				210495AA2302DED1000C018B /* Constants.swift in Sources */,
			);
			runOnlyForDeploymentPostprocessing = 0;
		};
/* End PBXSourcesBuildPhase section */

/* Begin PBXVariantGroup section */
		210C11B723018B03007D89DA /* Main.storyboard */ = {
			isa = PBXVariantGroup;
			children = (
				210C11B823018B03007D89DA /* Base */,
			);
			name = Main.storyboard;
			sourceTree = "<group>";
		};
		210C11BC23018B05007D89DA /* LaunchScreen.storyboard */ = {
			isa = PBXVariantGroup;
			children = (
				210C11BD23018B05007D89DA /* Base */,
			);
			name = LaunchScreen.storyboard;
			sourceTree = "<group>";
		};
/* End PBXVariantGroup section */

/* Begin XCBuildConfiguration section */
		210C11C023018B05007D89DA /* Debug */ = {
			isa = XCBuildConfiguration;
			buildSettings = {
				ALWAYS_SEARCH_USER_PATHS = NO;
				CLANG_ANALYZER_NONNULL = YES;
				CLANG_ANALYZER_NUMBER_OBJECT_CONVERSION = YES_AGGRESSIVE;
				CLANG_CXX_LANGUAGE_STANDARD = "gnu++14";
				CLANG_CXX_LIBRARY = "libc++";
				CLANG_ENABLE_MODULES = YES;
				CLANG_ENABLE_OBJC_ARC = YES;
				CLANG_ENABLE_OBJC_WEAK = YES;
				CLANG_WARN_BLOCK_CAPTURE_AUTORELEASING = YES;
				CLANG_WARN_BOOL_CONVERSION = YES;
				CLANG_WARN_COMMA = YES;
				CLANG_WARN_CONSTANT_CONVERSION = YES;
				CLANG_WARN_DEPRECATED_OBJC_IMPLEMENTATIONS = YES;
				CLANG_WARN_DIRECT_OBJC_ISA_USAGE = YES_ERROR;
				CLANG_WARN_DOCUMENTATION_COMMENTS = YES;
				CLANG_WARN_EMPTY_BODY = YES;
				CLANG_WARN_ENUM_CONVERSION = YES;
				CLANG_WARN_INFINITE_RECURSION = YES;
				CLANG_WARN_INT_CONVERSION = YES;
				CLANG_WARN_NON_LITERAL_NULL_CONVERSION = YES;
				CLANG_WARN_OBJC_IMPLICIT_RETAIN_SELF = YES;
				CLANG_WARN_OBJC_LITERAL_CONVERSION = YES;
				CLANG_WARN_OBJC_ROOT_CLASS = YES_ERROR;
				CLANG_WARN_RANGE_LOOP_ANALYSIS = YES;
				CLANG_WARN_STRICT_PROTOTYPES = YES;
				CLANG_WARN_SUSPICIOUS_MOVE = YES;
				CLANG_WARN_UNGUARDED_AVAILABILITY = YES_AGGRESSIVE;
				CLANG_WARN_UNREACHABLE_CODE = YES;
				CLANG_WARN__DUPLICATE_METHOD_MATCH = YES;
				CODE_SIGN_IDENTITY = "iPhone Developer";
				COPY_PHASE_STRIP = NO;
				DEBUG_INFORMATION_FORMAT = dwarf;
				ENABLE_STRICT_OBJC_MSGSEND = YES;
				ENABLE_TESTABILITY = YES;
				GCC_C_LANGUAGE_STANDARD = gnu11;
				GCC_DYNAMIC_NO_PIC = NO;
				GCC_NO_COMMON_BLOCKS = YES;
				GCC_OPTIMIZATION_LEVEL = 0;
				GCC_PREPROCESSOR_DEFINITIONS = (
					"DEBUG=1",
					"$(inherited)",
				);
				GCC_WARN_64_TO_32_BIT_CONVERSION = YES;
				GCC_WARN_ABOUT_RETURN_TYPE = YES_ERROR;
				GCC_WARN_UNDECLARED_SELECTOR = YES;
				GCC_WARN_UNINITIALIZED_AUTOS = YES_AGGRESSIVE;
				GCC_WARN_UNUSED_FUNCTION = YES;
				GCC_WARN_UNUSED_VARIABLE = YES;
				IPHONEOS_DEPLOYMENT_TARGET = 12.2;
				MTL_ENABLE_DEBUG_INFO = INCLUDE_SOURCE;
				MTL_FAST_MATH = YES;
				ONLY_ACTIVE_ARCH = YES;
				SDKROOT = iphoneos;
				SWIFT_ACTIVE_COMPILATION_CONDITIONS = DEBUG;
				SWIFT_OPTIMIZATION_LEVEL = "-Onone";
			};
			name = Debug;
		};
		210C11C123018B05007D89DA /* Release */ = {
			isa = XCBuildConfiguration;
			buildSettings = {
				ALWAYS_SEARCH_USER_PATHS = NO;
				CLANG_ANALYZER_NONNULL = YES;
				CLANG_ANALYZER_NUMBER_OBJECT_CONVERSION = YES_AGGRESSIVE;
				CLANG_CXX_LANGUAGE_STANDARD = "gnu++14";
				CLANG_CXX_LIBRARY = "libc++";
				CLANG_ENABLE_MODULES = YES;
				CLANG_ENABLE_OBJC_ARC = YES;
				CLANG_ENABLE_OBJC_WEAK = YES;
				CLANG_WARN_BLOCK_CAPTURE_AUTORELEASING = YES;
				CLANG_WARN_BOOL_CONVERSION = YES;
				CLANG_WARN_COMMA = YES;
				CLANG_WARN_CONSTANT_CONVERSION = YES;
				CLANG_WARN_DEPRECATED_OBJC_IMPLEMENTATIONS = YES;
				CLANG_WARN_DIRECT_OBJC_ISA_USAGE = YES_ERROR;
				CLANG_WARN_DOCUMENTATION_COMMENTS = YES;
				CLANG_WARN_EMPTY_BODY = YES;
				CLANG_WARN_ENUM_CONVERSION = YES;
				CLANG_WARN_INFINITE_RECURSION = YES;
				CLANG_WARN_INT_CONVERSION = YES;
				CLANG_WARN_NON_LITERAL_NULL_CONVERSION = YES;
				CLANG_WARN_OBJC_IMPLICIT_RETAIN_SELF = YES;
				CLANG_WARN_OBJC_LITERAL_CONVERSION = YES;
				CLANG_WARN_OBJC_ROOT_CLASS = YES_ERROR;
				CLANG_WARN_RANGE_LOOP_ANALYSIS = YES;
				CLANG_WARN_STRICT_PROTOTYPES = YES;
				CLANG_WARN_SUSPICIOUS_MOVE = YES;
				CLANG_WARN_UNGUARDED_AVAILABILITY = YES_AGGRESSIVE;
				CLANG_WARN_UNREACHABLE_CODE = YES;
				CLANG_WARN__DUPLICATE_METHOD_MATCH = YES;
				CODE_SIGN_IDENTITY = "iPhone Developer";
				COPY_PHASE_STRIP = NO;
				DEBUG_INFORMATION_FORMAT = "dwarf-with-dsym";
				ENABLE_NS_ASSERTIONS = NO;
				ENABLE_STRICT_OBJC_MSGSEND = YES;
				GCC_C_LANGUAGE_STANDARD = gnu11;
				GCC_NO_COMMON_BLOCKS = YES;
				GCC_WARN_64_TO_32_BIT_CONVERSION = YES;
				GCC_WARN_ABOUT_RETURN_TYPE = YES_ERROR;
				GCC_WARN_UNDECLARED_SELECTOR = YES;
				GCC_WARN_UNINITIALIZED_AUTOS = YES_AGGRESSIVE;
				GCC_WARN_UNUSED_FUNCTION = YES;
				GCC_WARN_UNUSED_VARIABLE = YES;
				IPHONEOS_DEPLOYMENT_TARGET = 12.2;
				MTL_ENABLE_DEBUG_INFO = NO;
				MTL_FAST_MATH = YES;
				SDKROOT = iphoneos;
				SWIFT_COMPILATION_MODE = wholemodule;
				SWIFT_OPTIMIZATION_LEVEL = "-O";
				VALIDATE_PRODUCT = YES;
			};
			name = Release;
		};
		210C11C323018B05007D89DA /* Debug */ = {
			isa = XCBuildConfiguration;
			buildSettings = {
				ASSETCATALOG_COMPILER_APPICON_NAME = AppIcon;
				CODE_SIGN_IDENTITY = "iPhone Developer";
				CODE_SIGN_STYLE = Automatic;
				DEVELOPMENT_TEAM = 6X75H95U2T;
				INFOPLIST_FILE = FlappyBirdLike/Info.plist;
				IPHONEOS_DEPLOYMENT_TARGET = 12.0;
				LD_RUNPATH_SEARCH_PATHS = (
					"$(inherited)",
					"@executable_path/Frameworks",
				);
				PRODUCT_BUNDLE_IDENTIFIER = com.hiroshi.FlappyBirdLike;
				PRODUCT_NAME = "$(TARGET_NAME)";
				PROVISIONING_PROFILE_SPECIFIER = "";
				SWIFT_VERSION = 5.0;
				TARGETED_DEVICE_FAMILY = 1;
			};
			name = Debug;
		};
		210C11C423018B05007D89DA /* Release */ = {
			isa = XCBuildConfiguration;
			buildSettings = {
				ASSETCATALOG_COMPILER_APPICON_NAME = AppIcon;
				CODE_SIGN_IDENTITY = "iPhone Developer";
				CODE_SIGN_STYLE = Automatic;
				DEVELOPMENT_TEAM = 6X75H95U2T;
				INFOPLIST_FILE = FlappyBirdLike/Info.plist;
				IPHONEOS_DEPLOYMENT_TARGET = 12.0;
				LD_RUNPATH_SEARCH_PATHS = (
					"$(inherited)",
					"@executable_path/Frameworks",
				);
				ONLY_ACTIVE_ARCH = YES;
				PRODUCT_BUNDLE_IDENTIFIER = com.hiroshi.FlappyBirdLike;
				PRODUCT_NAME = "$(TARGET_NAME)";
				PROVISIONING_PROFILE_SPECIFIER = "";
				SWIFT_VERSION = 5.0;
				TARGETED_DEVICE_FAMILY = 1;
			};
			name = Release;
		};
/* End XCBuildConfiguration section */

/* Begin XCConfigurationList section */
		210C11A523018B03007D89DA /* Build configuration list for PBXProject "FlappyBirdLike" */ = {
			isa = XCConfigurationList;
			buildConfigurations = (
				210C11C023018B05007D89DA /* Debug */,
				210C11C123018B05007D89DA /* Release */,
			);
			defaultConfigurationIsVisible = 0;
			defaultConfigurationName = Release;
		};
		210C11C223018B05007D89DA /* Build configuration list for PBXNativeTarget "FlappyBirdLike" */ = {
			isa = XCConfigurationList;
			buildConfigurations = (
				210C11C323018B05007D89DA /* Debug */,
				210C11C423018B05007D89DA /* Release */,
			);
			defaultConfigurationIsVisible = 0;
			defaultConfigurationName = Release;
		};
/* End XCConfigurationList section */
	};
	rootObject = 210C11A223018B03007D89DA /* Project object */;
}
